
Microsoft Visual Studio Solution File, Format Version 12.00
# Visual Studio Version 16
VisualStudioVersion = 16.0.32901.82
MinimumVisualStudioVersion = 10.0.40219.1
Project("{FAE04EC0-301F-11D3-BF4B-00C04F79EFBC}") = "rwi0v2", "rwi0v2.csproj", "{BB8313CC-C0D0-4135-B94F-3C5A0A44A545}"
EndProject
Global
	GlobalSection(SolutionConfigurationPlatforms) = preSolution
		Debug|Any CPU = Debug|Any CPU
		Release|Any CPU = Release|Any CPU
	EndGlobalSection
	GlobalSection(ProjectConfigurationPlatforms) = postSolution
		{BB8313CC-C0D0-4135-B94F-3C5A0A44A545}.Debug|Any CPU.ActiveCfg = Debug|Any CPU
		{BB8313CC-C0D0-4135-B94F-3C5A0A44A545}.Debug|Any CPU.Build.0 = Debug|Any CPU
		{BB8313CC-C0D0-4135-B94F-3C5A0A44A545}.Release|Any CPU.ActiveCfg = Release|Any CPU
		{BB8313CC-C0D0-4135-B94F-3C5A0A44A545}.Release|Any CPU.Build.0 = Release|Any CPU
	EndGlobalSection
	GlobalSection(SolutionProperties) = preSolution
		HideSolutionNode = FALSE
	EndGlobalSection
	GlobalSection(ExtensibilityGlobals) = postSolution
		SolutionGuid = {6CAC7868-64C0-4909-8BD4-CC1B4A0639B1}
	EndGlobalSection
EndGlobal
