
Microsoft Visual Studio Solution File, Format Version 12.00
# Visual Studio Version 16
VisualStudioVersion = 16.0.32901.82
MinimumVisualStudioVersion = 10.0.40219.1
Project("{FAE04EC0-301F-11D3-BF4B-00C04F79EFBC}") = "Uygulama 2", "Uygulama 2.csproj", "{710341D2-8B3E-4708-827B-16587912E4A1}"
EndProject
Global
	GlobalSection(SolutionConfigurationPlatforms) = preSolution
		Debug|Any CPU = Debug|Any CPU
		Release|Any CPU = Release|Any CPU
	EndGlobalSection
	GlobalSection(ProjectConfigurationPlatforms) = postSolution
		{710341D2-8B3E-4708-827B-16587912E4A1}.Debug|Any CPU.ActiveCfg = Debug|Any CPU
		{710341D2-8B3E-4708-827B-16587912E4A1}.Debug|Any CPU.Build.0 = Debug|Any CPU
		{710341D2-8B3E-4708-827B-16587912E4A1}.Release|Any CPU.ActiveCfg = Release|Any CPU
		{710341D2-8B3E-4708-827B-16587912E4A1}.Release|Any CPU.Build.0 = Release|Any CPU
	EndGlobalSection
	GlobalSection(SolutionProperties) = preSolution
		HideSolutionNode = FALSE
	EndGlobalSection
	GlobalSection(ExtensibilityGlobals) = postSolution
		SolutionGuid = {C78BBAD0-12D7-46C6-B208-25C84BEA2135}
	EndGlobalSection
EndGlobal
