
Microsoft Visual Studio Solution File, Format Version 12.00
# Visual Studio Version 16
VisualStudioVersion = 16.0.32901.82
MinimumVisualStudioVersion = 10.0.40219.1
Project("{FAE04EC0-301F-11D3-BF4B-00C04F79EFBC}") = "Uygulama 4", "Uygulama 4.csproj", "{AAFCD2EB-3D20-475F-9CB5-5F585EECD699}"
EndProject
Global
	GlobalSection(SolutionConfigurationPlatforms) = preSolution
		Debug|Any CPU = Debug|Any CPU
		Release|Any CPU = Release|Any CPU
	EndGlobalSection
	GlobalSection(ProjectConfigurationPlatforms) = postSolution
		{AAFCD2EB-3D20-475F-9CB5-5F585EECD699}.Debug|Any CPU.ActiveCfg = Debug|Any CPU
		{AAFCD2EB-3D20-475F-9CB5-5F585EECD699}.Debug|Any CPU.Build.0 = Debug|Any CPU
		{AAFCD2EB-3D20-475F-9CB5-5F585EECD699}.Release|Any CPU.ActiveCfg = Release|Any CPU
		{AAFCD2EB-3D20-475F-9CB5-5F585EECD699}.Release|Any CPU.Build.0 = Release|Any CPU
	EndGlobalSection
	GlobalSection(SolutionProperties) = preSolution
		HideSolutionNode = FALSE
	EndGlobalSection
	GlobalSection(ExtensibilityGlobals) = postSolution
		SolutionGuid = {51E9C8D0-7307-425B-89A8-D55A4635617A}
	EndGlobalSection
EndGlobal
